
Microsoft Visual Studio Solution File, Format Version 12.00
# Visual Studio Version 16
VisualStudioVersion = 16.0.32126.315
MinimumVisualStudioVersion = 10.0.40219.1
Project("{2150E333-8FDC-42A3-9474-1A3956D46DE8}") = "ApiGateway", "ApiGateway", "{DD1AEE26-49C3-4B5A-8F5F-82873F2B1474}"
EndProject
Project("{2150E333-8FDC-42A3-9474-1A3956D46DE8}") = "Contract", "Contract", "{64DFA91C-89EA-4310-804C-FF8AB92E4633}"
EndProject
Project("{2150E333-8FDC-42A3-9474-1A3956D46DE8}") = "Log", "Log", "{C1F3A7AE-6EB4-4957-88D9-480265179E44}"
EndProject
Project("{2150E333-8FDC-42A3-9474-1A3956D46DE8}") = "Mail", "Mail", "{5916A870-8760-4896-8B85-B4BA41BB197B}"
EndProject
Project("{2150E333-8FDC-42A3-9474-1A3956D46DE8}") = "Services", "Services", "{E46A0FE5-44F0-43A1-81AB-D9FCCFBB96B5}"
EndProject
Project("{9A19103F-16F7-4668-BE54-9A1E7A4F7556}") = "Gateway", "Gateway\Gateway.csproj", "{FE54FDE7-FCAE-49B4-A13E-FE4AE93E08D5}"
EndProject
Project("{9A19103F-16F7-4668-BE54-9A1E7A4F7556}") = "Logging", "Logging\Logging.csproj", "{FF9536B5-C088-41AF-8970-D447153FCD73}"
EndProject
Project("{2150E333-8FDC-42A3-9474-1A3956D46DE8}") = "Entities", "Entities", "{87388A2E-B06E-4A8B-BD99-3093EDB908EC}"
EndProject
Project("{9A19103F-16F7-4668-BE54-9A1E7A4F7556}") = "Entities", "Entities\Entities.csproj", "{DA6C4410-1628-4B1E-88FF-E8CE194896EA}"
EndProject
Project("{9A19103F-16F7-4668-BE54-9A1E7A4F7556}") = "Contracts", "Contracts\Contracts.csproj", "{C3E3110B-3A73-4B93-99AA-F4063F2E15E2}"
EndProject
Project("{2150E333-8FDC-42A3-9474-1A3956D46DE8}") = "UI", "UI", "{DC19E0F8-08B0-4A13-872B-7EFD955DAF4F}"
EndProject
Project("{2150E333-8FDC-42A3-9474-1A3956D46DE8}") = "Shared", "Shared", "{DAEB164C-ABE4-48CC-8CE6-8BB06B4CB59B}"
EndProject
Project("{9A19103F-16F7-4668-BE54-9A1E7A4F7556}") = "SharedModels", "SharedModels\SharedModels.csproj", "{848CB276-52A9-4DA6-8470-E6297EFB0D10}"
EndProject
Project("{2150E333-8FDC-42A3-9474-1A3956D46DE8}") = "ContactMicroService", "ContactMicroService", "{79E747F8-BB29-49D5-B2EF-00866B386941}"
EndProject
Project("{2150E333-8FDC-42A3-9474-1A3956D46DE8}") = "ReportMicroService", "ReportMicroService", "{FA76F17E-002C-4240-B8E5-25457282EC8C}"
EndProject
Project("{FAE04EC0-301F-11D3-BF4B-00C04F79EFBC}") = "Contact.DAL", "Contact.DAL\Contact.DAL.csproj", "{7A53D9F1-DC1D-432B-9061-6ADB3AED90EE}"
EndProject
Project("{FAE04EC0-301F-11D3-BF4B-00C04F79EFBC}") = "Contact.API", "Contact.API\Contact.API.csproj", "{FE43433F-C295-437C-893E-AE4477BBABC0}"
EndProject
Global
	GlobalSection(SolutionConfigurationPlatforms) = preSolution
		Debug|Any CPU = Debug|Any CPU
		Release|Any CPU = Release|Any CPU
	EndGlobalSection
	GlobalSection(ProjectConfigurationPlatforms) = postSolution
		{FE54FDE7-FCAE-49B4-A13E-FE4AE93E08D5}.Debug|Any CPU.ActiveCfg = Debug|Any CPU
		{FE54FDE7-FCAE-49B4-A13E-FE4AE93E08D5}.Debug|Any CPU.Build.0 = Debug|Any CPU
		{FE54FDE7-FCAE-49B4-A13E-FE4AE93E08D5}.Release|Any CPU.ActiveCfg = Release|Any CPU
		{FE54FDE7-FCAE-49B4-A13E-FE4AE93E08D5}.Release|Any CPU.Build.0 = Release|Any CPU
		{FF9536B5-C088-41AF-8970-D447153FCD73}.Debug|Any CPU.ActiveCfg = Debug|Any CPU
		{FF9536B5-C088-41AF-8970-D447153FCD73}.Debug|Any CPU.Build.0 = Debug|Any CPU
		{FF9536B5-C088-41AF-8970-D447153FCD73}.Release|Any CPU.ActiveCfg = Release|Any CPU
		{FF9536B5-C088-41AF-8970-D447153FCD73}.Release|Any CPU.Build.0 = Release|Any CPU
		{DA6C4410-1628-4B1E-88FF-E8CE194896EA}.Debug|Any CPU.ActiveCfg = Debug|Any CPU
		{DA6C4410-1628-4B1E-88FF-E8CE194896EA}.Debug|Any CPU.Build.0 = Debug|Any CPU
		{DA6C4410-1628-4B1E-88FF-E8CE194896EA}.Release|Any CPU.ActiveCfg = Release|Any CPU
		{DA6C4410-1628-4B1E-88FF-E8CE194896EA}.Release|Any CPU.Build.0 = Release|Any CPU
		{C3E3110B-3A73-4B93-99AA-F4063F2E15E2}.Debug|Any CPU.ActiveCfg = Debug|Any CPU
		{C3E3110B-3A73-4B93-99AA-F4063F2E15E2}.Debug|Any CPU.Build.0 = Debug|Any CPU
		{C3E3110B-3A73-4B93-99AA-F4063F2E15E2}.Release|Any CPU.ActiveCfg = Release|Any CPU
		{C3E3110B-3A73-4B93-99AA-F4063F2E15E2}.Release|Any CPU.Build.0 = Release|Any CPU
		{848CB276-52A9-4DA6-8470-E6297EFB0D10}.Debug|Any CPU.ActiveCfg = Debug|Any CPU
		{848CB276-52A9-4DA6-8470-E6297EFB0D10}.Debug|Any CPU.Build.0 = Debug|Any CPU
		{848CB276-52A9-4DA6-8470-E6297EFB0D10}.Release|Any CPU.ActiveCfg = Release|Any CPU
		{848CB276-52A9-4DA6-8470-E6297EFB0D10}.Release|Any CPU.Build.0 = Release|Any CPU
		{7A53D9F1-DC1D-432B-9061-6ADB3AED90EE}.Debug|Any CPU.ActiveCfg = Debug|Any CPU
		{7A53D9F1-DC1D-432B-9061-6ADB3AED90EE}.Debug|Any CPU.Build.0 = Debug|Any CPU
		{7A53D9F1-DC1D-432B-9061-6ADB3AED90EE}.Release|Any CPU.ActiveCfg = Release|Any CPU
		{7A53D9F1-DC1D-432B-9061-6ADB3AED90EE}.Release|Any CPU.Build.0 = Release|Any CPU
		{FE43433F-C295-437C-893E-AE4477BBABC0}.Debug|Any CPU.ActiveCfg = Debug|Any CPU
		{FE43433F-C295-437C-893E-AE4477BBABC0}.Debug|Any CPU.Build.0 = Debug|Any CPU
		{FE43433F-C295-437C-893E-AE4477BBABC0}.Release|Any CPU.ActiveCfg = Release|Any CPU
		{FE43433F-C295-437C-893E-AE4477BBABC0}.Release|Any CPU.Build.0 = Release|Any CPU
	EndGlobalSection
	GlobalSection(SolutionProperties) = preSolution
		HideSolutionNode = FALSE
	EndGlobalSection
	GlobalSection(NestedProjects) = preSolution
		{FE54FDE7-FCAE-49B4-A13E-FE4AE93E08D5} = {DD1AEE26-49C3-4B5A-8F5F-82873F2B1474}
		{FF9536B5-C088-41AF-8970-D447153FCD73} = {C1F3A7AE-6EB4-4957-88D9-480265179E44}
		{DA6C4410-1628-4B1E-88FF-E8CE194896EA} = {87388A2E-B06E-4A8B-BD99-3093EDB908EC}
		{C3E3110B-3A73-4B93-99AA-F4063F2E15E2} = {64DFA91C-89EA-4310-804C-FF8AB92E4633}
		{848CB276-52A9-4DA6-8470-E6297EFB0D10} = {DAEB164C-ABE4-48CC-8CE6-8BB06B4CB59B}
		{79E747F8-BB29-49D5-B2EF-00866B386941} = {E46A0FE5-44F0-43A1-81AB-D9FCCFBB96B5}
		{FA76F17E-002C-4240-B8E5-25457282EC8C} = {E46A0FE5-44F0-43A1-81AB-D9FCCFBB96B5}
		{7A53D9F1-DC1D-432B-9061-6ADB3AED90EE} = {79E747F8-BB29-49D5-B2EF-00866B386941}
		{FE43433F-C295-437C-893E-AE4477BBABC0} = {79E747F8-BB29-49D5-B2EF-00866B386941}
	EndGlobalSection
	GlobalSection(ExtensibilityGlobals) = postSolution
		SolutionGuid = {8EC04B1A-8AAF-4EB0-A468-BD4AFA977A29}
	EndGlobalSection
EndGlobal
